
Microsoft Visual Studio Solution File, Format Version 12.00
# Visual Studio Version 17
VisualStudioVersion = 17.1.32414.318
MinimumVisualStudioVersion = 10.0.40219.1
Project("{FAE04EC0-301F-11D3-BF4B-00C04F79EFBC}") = "PolySharpFeatureDemo", "PolySharpFeatureDemo\PolySharpFeatureDemo.csproj", "{88072344-5F6C-4E65-9C16-AF377E55B21D}"
EndProject
Global
	GlobalSection(SolutionConfigurationPlatforms) = preSolution
		Debug|Any CPU = Debug|Any CPU
		Release|Any CPU = Release|Any CPU
	EndGlobalSection
	GlobalSection(ProjectConfigurationPlatforms) = postSolution
		{88072344-5F6C-4E65-9C16-AF377E55B21D}.Debug|Any CPU.ActiveCfg = Debug|Any CPU
		{88072344-5F6C-4E65-9C16-AF377E55B21D}.Debug|Any CPU.Build.0 = Debug|Any CPU
		{88072344-5F6C-4E65-9C16-AF377E55B21D}.Release|Any CPU.ActiveCfg = Release|Any CPU
		{88072344-5F6C-4E65-9C16-AF377E55B21D}.Release|Any CPU.Build.0 = Release|Any CPU
	EndGlobalSection
	GlobalSection(SolutionProperties) = preSolution
		HideSolutionNode = FALSE
	EndGlobalSection
	GlobalSection(ExtensibilityGlobals) = postSolution
		SolutionGuid = {9ACEE696-ED14-4E15-979E-714A33221863}
	EndGlobalSection
EndGlobal
